
Microsoft Visual Studio Solution File, Format Version 12.00
# Visual Studio Version 17
VisualStudioVersion = 17.4.33213.308
MinimumVisualStudioVersion = 10.0.40219.1
Project("{888888A0-9F3D-457C-B088-3A5042F75D52}") = "NoobPortScanner", "NoobPortScanner.pyproj", "{44A527E4-9D3F-41E6-9E0F-62EF2F2EB4A7}"
EndProject
Global
	GlobalSection(SolutionConfigurationPlatforms) = preSolution
		Debug|Any CPU = Debug|Any CPU
		Release|Any CPU = Release|Any CPU
	EndGlobalSection
	GlobalSection(ProjectConfigurationPlatforms) = postSolution
		{44A527E4-9D3F-41E6-9E0F-62EF2F2EB4A7}.Debug|Any CPU.ActiveCfg = Debug|Any CPU
		{44A527E4-9D3F-41E6-9E0F-62EF2F2EB4A7}.Release|Any CPU.ActiveCfg = Release|Any CPU
	EndGlobalSection
	GlobalSection(SolutionProperties) = preSolution
		HideSolutionNode = FALSE
	EndGlobalSection
	GlobalSection(ExtensibilityGlobals) = postSolution
		SolutionGuid = {5CCB1170-D1EA-43DC-8E6A-DEFB5697110C}
	EndGlobalSection
EndGlobal
